
Microsoft Visual Studio Solution File, Format Version 12.00
# Visual Studio 2013
VisualStudioVersion = 12.0.30501.0
MinimumVisualStudioVersion = 10.0.40219.1
Project("{FAE04EC0-301F-11D3-BF4B-00C04F79EFBC}") = "PersonProject", "PersonProject\PersonProject.csproj", "{FD819FC6-4682-41C2-8407-A99D6DE60B2B}"
EndProject
Project("{FAE04EC0-301F-11D3-BF4B-00C04F79EFBC}") = "PersonProject.Tests", "PersonProject.Tests\PersonProject.Tests.csproj", "{DF700056-4B8F-41C6-9CCE-33A6837D89E7}"
EndProject
Project("{FAE04EC0-301F-11D3-BF4B-00C04F79EFBC}") = "PersonProject.Model", "PersonProject.Model\PersonProject.Model.csproj", "{2B3423F4-E6C4-4BDE-93CB-04A6AB171677}"
EndProject
Project("{FAE04EC0-301F-11D3-BF4B-00C04F79EFBC}") = "PersonProject.WebForms", "PersonProject.WebForms\PersonProject.WebForms.csproj", "{43E3D47C-1424-4175-936C-3CEBDD66E96B}"
EndProject
Global
	GlobalSection(SolutionConfigurationPlatforms) = preSolution
		Debug|Any CPU = Debug|Any CPU
		Release|Any CPU = Release|Any CPU
	EndGlobalSection
	GlobalSection(ProjectConfigurationPlatforms) = postSolution
		{FD819FC6-4682-41C2-8407-A99D6DE60B2B}.Debug|Any CPU.ActiveCfg = Debug|Any CPU
		{FD819FC6-4682-41C2-8407-A99D6DE60B2B}.Debug|Any CPU.Build.0 = Debug|Any CPU
		{FD819FC6-4682-41C2-8407-A99D6DE60B2B}.Release|Any CPU.ActiveCfg = Release|Any CPU
		{FD819FC6-4682-41C2-8407-A99D6DE60B2B}.Release|Any CPU.Build.0 = Release|Any CPU
		{DF700056-4B8F-41C6-9CCE-33A6837D89E7}.Debug|Any CPU.ActiveCfg = Debug|Any CPU
		{DF700056-4B8F-41C6-9CCE-33A6837D89E7}.Debug|Any CPU.Build.0 = Debug|Any CPU
		{DF700056-4B8F-41C6-9CCE-33A6837D89E7}.Release|Any CPU.ActiveCfg = Release|Any CPU
		{DF700056-4B8F-41C6-9CCE-33A6837D89E7}.Release|Any CPU.Build.0 = Release|Any CPU
		{2B3423F4-E6C4-4BDE-93CB-04A6AB171677}.Debug|Any CPU.ActiveCfg = Debug|Any CPU
		{2B3423F4-E6C4-4BDE-93CB-04A6AB171677}.Debug|Any CPU.Build.0 = Debug|Any CPU
		{2B3423F4-E6C4-4BDE-93CB-04A6AB171677}.Release|Any CPU.ActiveCfg = Release|Any CPU
		{2B3423F4-E6C4-4BDE-93CB-04A6AB171677}.Release|Any CPU.Build.0 = Release|Any CPU
		{43E3D47C-1424-4175-936C-3CEBDD66E96B}.Debug|Any CPU.ActiveCfg = Debug|Any CPU
		{43E3D47C-1424-4175-936C-3CEBDD66E96B}.Debug|Any CPU.Build.0 = Debug|Any CPU
		{43E3D47C-1424-4175-936C-3CEBDD66E96B}.Release|Any CPU.ActiveCfg = Release|Any CPU
		{43E3D47C-1424-4175-936C-3CEBDD66E96B}.Release|Any CPU.Build.0 = Release|Any CPU
	EndGlobalSection
	GlobalSection(SolutionProperties) = preSolution
		HideSolutionNode = FALSE
	EndGlobalSection
EndGlobal
